{
    "_readme": [
        "This file locks the dependencies of your project to a known state",
        "Read more about it at https://getcomposer.org/doc/01-basic-usage.md#installing-dependencies",
        "This file is @generated automatically"
    ],
    "content-hash": "6c3b429044ba800297c1b16142fbae1d",
    "packages": [
        {
            "name": "psr/log",
            "version": "1.1.2",
            "source": {
                "type": "git",
                "url": "https://github.com/php-fig/log.git",
                "reference": "446d54b4cb6bf489fc9d75f55843658e6f25d801"
            },
            "dist": {
                "type": "zip",
                "url": "https://api.github.com/repos/php-fig/log/zipball/446d54b4cb6bf489fc9d75f55843658e6f25d801",
                "reference": "446d54b4cb6bf489fc9d75f55843658e6f25d801",
                "shasum": ""
            },
            "require": {
                "php": ">=5.3.0"
            },
            "type": "library",
            "extra": {
                "branch-alias": {
                    "dev-master": "1.1.x-dev"
                }
            },
            "autoload": {
                "psr-4": {
                    "Psr\\Log\\": "Psr/Log/"
                }
            },
            "notification-url": "https://packagist.org/downloads/",
            "license": [
                "MIT"
            ],
            "authors": [
                {
                    "name": "PHP-FIG",
                    "homepage": "http://www.php-fig.org/"
                }
            ],
            "description": "Common interface for logging libraries",
            "homepage": "https://github.com/php-fig/log",
            "keywords": [
                "log",
                "psr",
                "psr-3"
            ],
            "time": "2019-11-01T11:05:21+00:00"
        },
        {
            "name": "symfony/console",
            "version": "v2.8.52",
            "source": {
                "type": "git",
                "url": "https://github.com/symfony/console.git",
                "reference": "cbcf4b5e233af15cd2bbd50dee1ccc9b7927dc12"
            },
            "dist": {
                "type": "zip",
                "url": "https://api.github.com/repos/symfony/console/zipball/cbcf4b5e233af15cd2bbd50dee1ccc9b7927dc12",
                "reference": "cbcf4b5e233af15cd2bbd50dee1ccc9b7927dc12",
                "shasum": ""
            },
            "require": {
                "php": ">=5.3.9",
                "symfony/debug": "^2.7.2|~3.0.0",
                "symfony/polyfill-mbstring": "~1.0"
            },
            "require-dev": {
                "psr/log": "~1.0",
                "symfony/event-dispatcher": "~2.1|~3.0.0",
                "symfony/process": "~2.1|~3.0.0"
            },
            "suggest": {
                "psr/log-implementation": "For using the console logger",
                "symfony/event-dispatcher": "",
                "symfony/process": ""
            },
            "type": "library",
            "extra": {
                "branch-alias": {
                    "dev-master": "2.8-dev"
                }
            },
            "autoload": {
                "psr-4": {
                    "Symfony\\Component\\Console\\": ""
                },
                "exclude-from-classmap": [
                    "/Tests/"
                ]
            },
            "notification-url": "https://packagist.org/downloads/",
            "license": [
                "MIT"
            ],
            "authors": [
                {
                    "name": "Fabien Potencier",
                    "email": "fabien@symfony.com"
                },
                {
                    "name": "Symfony Community",
                    "homepage": "https://symfony.com/contributors"
                }
            ],
            "description": "Symfony Console Component",
            "homepage": "https://symfony.com",
            "time": "2018-11-20T15:55:20+00:00"
        },
        {
            "name": "symfony/debug",
            "version": "v2.8.52",
            "source": {
                "type": "git",
                "url": "https://github.com/symfony/debug.git",
                "reference": "74251c8d50dd3be7c4ce0c7b862497cdc641a5d0"
            },
            "dist": {
                "type": "zip",
                "url": "https://api.github.com/repos/symfony/debug/zipball/74251c8d50dd3be7c4ce0c7b862497cdc641a5d0",
                "reference": "74251c8d50dd3be7c4ce0c7b862497cdc641a5d0",
                "shasum": ""
            },
            "require": {
                "php": ">=5.3.9",
                "psr/log": "~1.0"
            },
            "conflict": {
                "symfony/http-kernel": ">=2.3,<2.3.24|~2.4.0|>=2.5,<2.5.9|>=2.6,<2.6.2"
            },
            "require-dev": {
                "symfony/class-loader": "~2.2|~3.0.0",
                "symfony/http-kernel": "~2.3.24|~2.5.9|^2.6.2|~3.0.0"
            },
            "type": "library",
            "extra": {
                "branch-alias": {
                    "dev-master": "2.8-dev"
                }
            },
            "autoload": {
                "psr-4": {
                    "Symfony\\Component\\Debug\\": ""
                },
                "exclude-from-classmap": [
                    "/Tests/"
                ]
            },
            "notification-url": "https://packagist.org/downloads/",
            "license": [
                "MIT"
            ],
            "authors": [
                {
                    "name": "Fabien Potencier",
                    "email": "fabien@symfony.com"
                },
                {
                    "name": "Symfony Community",
                    "homepage": "https://symfony.com/contributors"
                }
            ],
            "description": "Symfony Debug Component",
            "homepage": "https://symfony.com",
            "time": "2018-11-11T11:18:13+00:00"
        },
        {
            "name": "symfony/filesystem",
            "version": "v2.8.52",
            "source": {
                "type": "git",
                "url": "https://github.com/symfony/filesystem.git",
                "reference": "7ae46872dad09dffb7fe1e93a0937097339d0080"
            },
            "dist": {
                "type": "zip",
                "url": "https://api.github.com/repos/symfony/filesystem/zipball/7ae46872dad09dffb7fe1e93a0937097339d0080",
                "reference": "7ae46872dad09dffb7fe1e93a0937097339d0080",
                "shasum": ""
            },
            "require": {
                "php": ">=5.3.9",
                "symfony/polyfill-ctype": "~1.8"
            },
            "type": "library",
            "extra": {
                "branch-alias": {
                    "dev-master": "2.8-dev"
                }
            },
            "autoload": {
                "psr-4": {
                    "Symfony\\Component\\Filesystem\\": ""
                },
                "exclude-from-classmap": [
                    "/Tests/"
                ]
            },
            "notification-url": "https://packagist.org/downloads/",
            "license": [
                "MIT"
            ],
            "authors": [
                {
                    "name": "Fabien Potencier",
                    "email": "fabien@symfony.com"
                },
                {
                    "name": "Symfony Community",
                    "homepage": "https://symfony.com/contributors"
                }
            ],
            "description": "Symfony Filesystem Component",
            "homepage": "https://symfony.com",
            "time": "2018-11-11T11:18:13+00:00"
        },
        {
            "name": "symfony/finder",
            "version": "v2.8.52",
            "source": {
                "type": "git",
                "url": "https://github.com/symfony/finder.git",
                "reference": "1444eac52273e345d9b95129bf914639305a9ba4"
            },
            "dist": {
                "type": "zip",
                "url": "https://api.github.com/repos/symfony/finder/zipball/1444eac52273e345d9b95129bf914639305a9ba4",
                "reference": "1444eac52273e345d9b95129bf914639305a9ba4",
                "shasum": ""
            },
            "require": {
                "php": ">=5.3.9"
            },
            "type": "library",
            "extra": {
                "branch-alias": {
                    "dev-master": "2.8-dev"
                }
            },
            "autoload": {
                "psr-4": {
                    "Symfony\\Component\\Finder\\": ""
                },
                "exclude-from-classmap": [
                    "/Tests/"
                ]
            },
            "notification-url": "https://packagist.org/downloads/",
            "license": [
                "MIT"
            ],
            "authors": [
                {
                    "name": "Fabien Potencier",
                    "email": "fabien@symfony.com"
                },
                {
                    "name": "Symfony Community",
                    "homepage": "https://symfony.com/contributors"
                }
            ],
            "description": "Symfony Finder Component",
            "homepage": "https://symfony.com",
            "time": "2018-11-11T11:18:13+00:00"
        },
        {
            "name": "symfony/yaml",
            "version": "v2.8.52",
            "source": {
                "type": "git",
                "url": "https://github.com/symfony/yaml.git",
                "reference": "02c1859112aa779d9ab394ae4f3381911d84052b"
            },
            "dist": {
                "type": "zip",
                "url": "https://api.github.com/repos/symfony/yaml/zipball/02c1859112aa779d9ab394ae4f3381911d84052b",
                "reference": "02c1859112aa779d9ab394ae4f3381911d84052b",
                "shasum": ""
            },
            "require": {
                "php": ">=5.3.9",
                "symfony/polyfill-ctype": "~1.8"
            },
            "type": "library",
            "extra": {
                "branch-alias": {
                    "dev-master": "2.8-dev"
                }
            },
            "autoload": {
                "psr-4": {
                    "Symfony\\Component\\Yaml\\": ""
                },
                "exclude-from-classmap": [
                    "/Tests/"
                ]
            },
            "notification-url": "https://packagist.org/downloads/",
            "license": [
                "MIT"
            ],
            "authors": [
                {
                    "name": "Fabien Potencier",
                    "email": "fabien@symfony.com"
                },
                {
                    "name": "Symfony Community",
                    "homepage": "https://symfony.com/contributors"
                }
            ],
            "description": "Symfony Yaml Component",
            "homepage": "https://symfony.com",
            "time": "2018-11-11T11:18:13+00:00"
        },
        {
            "name": "ua-parser/uap-php",
            "version": "v3.4.7",
            "source": {
                "type": "git",
                "url": "https://github.com/ua-parser/uap-php.git",
                "reference": "ea47d0b12517670270930938c063d899b420019b"
            },
            "dist": {
                "type": "zip",
                "url": "https://api.github.com/repos/ua-parser/uap-php/zipball/ea47d0b12517670270930938c063d899b420019b",
                "reference": "ea47d0b12517670270930938c063d899b420019b",
                "shasum": ""
            },
            "require": {
                "php": ">=5.3.0",
                "symfony/console": "^2.0 || ^3.0",
                "symfony/filesystem": "^2.0 || ^3.0",
                "symfony/finder": "^2.0 || ^3.0",
                "symfony/yaml": "^2.0 || ^3.0"
            },
            "require-dev": {
                "phpunit/phpunit": "^4.0 || ^5.0"
            },
            "bin": [
                "bin/uaparser"
            ],
            "type": "library",
            "autoload": {
                "psr-4": {
                    "UAParser\\": "src"
                }
            },
            "notification-url": "https://packagist.org/downloads/",
            "license": [
                "MIT"
            ],
            "authors": [
                {
                    "name": "Lars Strojny",
                    "email": "lars@strojny.net"
                },
                {
                    "name": "Dave Olsen",
                    "email": "dmolsen@gmail.com"
                }
            ],
            "description": "A multi-language port of Browserscope's user agent parser.",
            "time": "2017-02-26T19:11:57+00:00"
        }
    ],
    "packages-dev": [
        {
            "name": "jakub-onderka/php-parallel-lint",
            "version": "v1.0.0",
            "source": {
                "type": "git",
                "url": "https://github.com/JakubOnderka/PHP-Parallel-Lint.git",
                "reference": "04fbd3f5fb1c83f08724aa58a23db90bd9086ee8"
            },
            "dist": {
                "type": "zip",
                "url": "https://api.github.com/repos/JakubOnderka/PHP-Parallel-Lint/zipball/04fbd3f5fb1c83f08724aa58a23db90bd9086ee8",
                "reference": "04fbd3f5fb1c83f08724aa58a23db90bd9086ee8",
                "shasum": ""
            },
            "require": {
                "php": ">=5.3.3"
            },
            "require-dev": {
                "jakub-onderka/php-console-highlighter": "~0.3",
                "nette/tester": "~1.3",
                "squizlabs/php_codesniffer": "~2.7"
            },
            "suggest": {
                "jakub-onderka/php-console-highlighter": "Highlight syntax in code snippet"
            },
            "bin": [
                "parallel-lint"
            ],
            "type": "library",
            "autoload": {
                "classmap": [
                    "./"
                ]
            },
            "notification-url": "https://packagist.org/downloads/",
            "license": [
                "BSD-2-Clause"
            ],
            "authors": [
                {
                    "name": "Jakub Onderka",
                    "email": "ahoj@jakubonderka.cz"
                }
            ],
            "description": "This tool check syntax of PHP files about 20x faster than serial check.",
            "homepage": "https://github.com/JakubOnderka/PHP-Parallel-Lint",
            "time": "2018-02-24T15:31:20+00:00"
        }
    ],
    "aliases": [],
    "minimum-stability": "stable",
    "stability-flags": [],
    "prefer-stable": false,
    "prefer-lowest": false,
    "platform": {
        "php": ">=5.4.0"
    },
    "platform-dev": [],
    "platform-overrides": {
        "php": "5.4"
    }
}
